
Microsoft Visual Studio Solution File, Format Version 12.00
# Visual Studio Version 16
VisualStudioVersion = 16.0.29911.84
MinimumVisualStudioVersion = 10.0.40219.1
Project("{9A19103F-16F7-4668-BE54-9A1E7A4F7556}") = "AdditionalTasks1_SortArrays", "AdditionalTasks1_SortArrays\AdditionalTasks1_SortArrays.csproj", "{13B1BCD3-C29C-400A-94C8-4A20A38E3C48}"
EndProject
Project("{9A19103F-16F7-4668-BE54-9A1E7A4F7556}") = "AdditionalTasks2_SortinganExpression", "AdditionalTasks2_SortinganExpression\AdditionalTasks2_SortinganExpression.csproj", "{BF02E1B4-599F-4231-854B-A1F8E81BC54D}"
EndProject
Global
	GlobalSection(SolutionConfigurationPlatforms) = preSolution
		Debug|Any CPU = Debug|Any CPU
		Release|Any CPU = Release|Any CPU
	EndGlobalSection
	GlobalSection(ProjectConfigurationPlatforms) = postSolution
		{13B1BCD3-C29C-400A-94C8-4A20A38E3C48}.Debug|Any CPU.ActiveCfg = Debug|Any CPU
		{13B1BCD3-C29C-400A-94C8-4A20A38E3C48}.Debug|Any CPU.Build.0 = Debug|Any CPU
		{13B1BCD3-C29C-400A-94C8-4A20A38E3C48}.Release|Any CPU.ActiveCfg = Release|Any CPU
		{13B1BCD3-C29C-400A-94C8-4A20A38E3C48}.Release|Any CPU.Build.0 = Release|Any CPU
		{BF02E1B4-599F-4231-854B-A1F8E81BC54D}.Debug|Any CPU.ActiveCfg = Debug|Any CPU
		{BF02E1B4-599F-4231-854B-A1F8E81BC54D}.Debug|Any CPU.Build.0 = Debug|Any CPU
		{BF02E1B4-599F-4231-854B-A1F8E81BC54D}.Release|Any CPU.ActiveCfg = Release|Any CPU
		{BF02E1B4-599F-4231-854B-A1F8E81BC54D}.Release|Any CPU.Build.0 = Release|Any CPU
	EndGlobalSection
	GlobalSection(SolutionProperties) = preSolution
		HideSolutionNode = FALSE
	EndGlobalSection
	GlobalSection(ExtensibilityGlobals) = postSolution
		SolutionGuid = {158B0245-CDB1-49BB-A217-D8B2CB382329}
	EndGlobalSection
EndGlobal
